{
  "name": "app",
  "version": "0.0.0",
  "lockfileVersion": 3,
  "requires": true,
  "packages": {
    "": {
      "name": "app",
      "version": "0.0.0",
      "dependencies": {
        "@loaders.gl/core": "^4.2.2",
        "@loaders.gl/ply": "^4.2.2",
        "gs": "file:../pkg",
        "three": "^0.165.0",
        "webgpu-utils": "^1.7.2",
        "wgpu-matrix": "^3.0.1"
      },
      "devDependencies": {
        "@types/three": "^0.165.0",
        "typescript": "^5.2.2",
        "vite": "^5.2.0",
        "vite-plugin-wasm": "^3.3.0"
      }
    },
    "../pkg": {
      "name": "gs",
      "version": "0.1.0"
    },
    "node_modules/@esbuild/linux-x64": {
      "version": "0.20.2",
      "cpu": [
        "x64"
      ],
      "dev": true,
      "license": "MIT",
      "optional": true,
      "os": [
        "linux"
      ],
      "engines": {
        "node": ">=12"
      }
    },
    "node_modules/@loaders.gl/core": {
      "version": "4.2.2",
      "resolved": "https://registry.npmjs.org/@loaders.gl/core/-/core-4.2.2.tgz",
      "integrity": "sha512-d3YElSsqL29MaiOwzGB97v994SPotbTvJnooCqoQsYGoYYrECdIetv1/zlfDsh5UB2Wl/NaUMJrzyOqlLmDz5Q==",
      "dependencies": {
        "@loaders.gl/loader-utils": "4.2.2",
        "@loaders.gl/schema": "4.2.2",
        "@loaders.gl/worker-utils": "4.2.2",
        "@probe.gl/log": "^4.0.2"
      }
    },
    "node_modules/@loaders.gl/loader-utils": {
      "version": "4.2.2",
      "resolved": "https://registry.npmjs.org/@loaders.gl/loader-utils/-/loader-utils-4.2.2.tgz",
      "integrity": "sha512-5udJQhFx1KNIcRBYkFMi8QZitAsK+m3PkZ9GejM8VpOSsJUHD2Yal3wBHOPTRsOjQ0zXG/nqM7BHOojjeetNTg==",
      "dependencies": {
        "@loaders.gl/schema": "4.2.2",
        "@loaders.gl/worker-utils": "4.2.2",
        "@probe.gl/stats": "^4.0.2"
      },
      "peerDependencies": {
        "@loaders.gl/core": "^4.0.0"
      }
    },
    "node_modules/@loaders.gl/ply": {
      "version": "4.2.2",
      "resolved": "https://registry.npmjs.org/@loaders.gl/ply/-/ply-4.2.2.tgz",
      "integrity": "sha512-peqCgn8nvesUB4QjVT2+YxJMAuH0eSc4K02DMF69rmCkee5MazmqVNtk3I0+cyBc3NI10ZsXXiAZXJQfd/uAUA==",
      "dependencies": {
        "@loaders.gl/loader-utils": "4.2.2",
        "@loaders.gl/schema": "4.2.2"
      },
      "peerDependencies": {
        "@loaders.gl/core": "^4.0.0"
      }
    },
    "node_modules/@loaders.gl/schema": {
      "version": "4.2.2",
      "resolved": "https://registry.npmjs.org/@loaders.gl/schema/-/schema-4.2.2.tgz",
      "integrity": "sha512-vrQ6vlGWWptJXDP1DrL5x/j70xmyt2l36QZcGyDYptrohTGvQLc3yrOEHuD5v96fXX5WR619pT3zSYhuf1FnIg==",
      "dependencies": {
        "@types/geojson": "^7946.0.7"
      },
      "peerDependencies": {
        "@loaders.gl/core": "^4.0.0"
      }
    },
    "node_modules/@loaders.gl/worker-utils": {
      "version": "4.2.2",
      "resolved": "https://registry.npmjs.org/@loaders.gl/worker-utils/-/worker-utils-4.2.2.tgz",
      "integrity": "sha512-7Ad83VS/PmS0T3LXo+LB6cq5oHhAUW3GvYWizm4OfeuBDQRtYK7iRehgC13/BomkNtWIn0y7iAphlQMVrNdvhQ==",
      "peerDependencies": {
        "@loaders.gl/core": "^4.0.0"
      }
    },
    "node_modules/@probe.gl/env": {
      "version": "4.0.9",
      "resolved": "https://registry.npmjs.org/@probe.gl/env/-/env-4.0.9.tgz",
      "integrity": "sha512-AOmVMD0/j78mX+k4+qX7ZhE0sY9H+EaJgIO6trik0BwV6VcrwxTGCGFAeuRsIGhETDnye06tkLXccYatYxAYwQ=="
    },
    "node_modules/@probe.gl/log": {
      "version": "4.0.9",
      "resolved": "https://registry.npmjs.org/@probe.gl/log/-/log-4.0.9.tgz",
      "integrity": "sha512-ebuZaodSRE9aC+3bVC7cKRHT8garXeT1jTbj1R5tQRqQYc9iGeT3iemVOHx5bN9Q6gAs/0j54iPI+1DvWMAW4A==",
      "dependencies": {
        "@probe.gl/env": "4.0.9"
      }
    },
    "node_modules/@probe.gl/stats": {
      "version": "4.0.9",
      "resolved": "https://registry.npmjs.org/@probe.gl/stats/-/stats-4.0.9.tgz",
      "integrity": "sha512-Q9Xt/sJUQaMsbjRKjOscv2t7wXIymTrOEJ4a3da4FTCn7bkKvcdxdyFAQySCrtPxE+YZ5I5lXpWPgv9BwmpE1g=="
    },
    "node_modules/@rollup/rollup-linux-x64-gnu": {
      "version": "4.17.2",
      "cpu": [
        "x64"
      ],
      "dev": true,
      "license": "MIT",
      "optional": true,
      "os": [
        "linux"
      ]
    },
    "node_modules/@rollup/rollup-linux-x64-musl": {
      "version": "4.17.2",
      "cpu": [
        "x64"
      ],
      "dev": true,
      "license": "MIT",
      "optional": true,
      "os": [
        "linux"
      ]
    },
    "node_modules/@tweenjs/tween.js": {
      "version": "23.1.2",
      "resolved": "https://registry.npmjs.org/@tweenjs/tween.js/-/tween.js-23.1.2.tgz",
      "integrity": "sha512-kMCNaZCJugWI86xiEHaY338CU5JpD0B97p1j1IKNn/Zto8PgACjQx0UxbHjmOcLl/dDOBnItwD07KmCs75pxtQ==",
      "dev": true
    },
    "node_modules/@types/estree": {
      "version": "1.0.5",
      "dev": true,
      "license": "MIT"
    },
    "node_modules/@types/geojson": {
      "version": "7946.0.14",
      "resolved": "https://registry.npmjs.org/@types/geojson/-/geojson-7946.0.14.tgz",
      "integrity": "sha512-WCfD5Ht3ZesJUsONdhvm84dmzWOiOzOAqOncN0++w0lBw1o8OuDNJF2McvvCef/yBqb/HYRahp1BYtODFQ8bRg=="
    },
    "node_modules/@types/stats.js": {
      "version": "0.17.3",
      "resolved": "https://registry.npmjs.org/@types/stats.js/-/stats.js-0.17.3.tgz",
      "integrity": "sha512-pXNfAD3KHOdif9EQXZ9deK82HVNaXP5ZIF5RP2QG6OQFNTaY2YIetfrE9t528vEreGQvEPRDDc8muaoYeK0SxQ==",
      "dev": true
    },
    "node_modules/@types/three": {
      "version": "0.165.0",
      "resolved": "https://registry.npmjs.org/@types/three/-/three-0.165.0.tgz",
      "integrity": "sha512-AJK8JZAFNBF0kBXiAIl5pggYlzAGGA8geVYQXAcPCEDRbyA+oEjkpUBcJJrtNz6IiALwzGexFJGZG2yV3WsYBw==",
      "dev": true,
      "dependencies": {
        "@tweenjs/tween.js": "~23.1.1",
        "@types/stats.js": "*",
        "@types/webxr": "*",
        "fflate": "~0.8.2",
        "meshoptimizer": "~0.18.1"
      }
    },
    "node_modules/@types/webxr": {
      "version": "0.5.17",
      "resolved": "https://registry.npmjs.org/@types/webxr/-/webxr-0.5.17.tgz",
      "integrity": "sha512-JYcclaQIlisHRXM9dMF7SeVvQ54kcYc7QK1eKCExCTLKWnZDxP4cp/rXH4Uoa1j5+5oQJ0Cc2sZC/PWiiG4q2g==",
      "dev": true
    },
    "node_modules/esbuild": {
      "version": "0.20.2",
      "dev": true,
      "hasInstallScript": true,
      "license": "MIT",
      "bin": {
        "esbuild": "bin/esbuild"
      },
      "engines": {
        "node": ">=12"
      },
      "optionalDependencies": {
        "@esbuild/aix-ppc64": "0.20.2",
        "@esbuild/android-arm": "0.20.2",
        "@esbuild/android-arm64": "0.20.2",
        "@esbuild/android-x64": "0.20.2",
        "@esbuild/darwin-arm64": "0.20.2",
        "@esbuild/darwin-x64": "0.20.2",
        "@esbuild/freebsd-arm64": "0.20.2",
        "@esbuild/freebsd-x64": "0.20.2",
        "@esbuild/linux-arm": "0.20.2",
        "@esbuild/linux-arm64": "0.20.2",
        "@esbuild/linux-ia32": "0.20.2",
        "@esbuild/linux-loong64": "0.20.2",
        "@esbuild/linux-mips64el": "0.20.2",
        "@esbuild/linux-ppc64": "0.20.2",
        "@esbuild/linux-riscv64": "0.20.2",
        "@esbuild/linux-s390x": "0.20.2",
        "@esbuild/linux-x64": "0.20.2",
        "@esbuild/netbsd-x64": "0.20.2",
        "@esbuild/openbsd-x64": "0.20.2",
        "@esbuild/sunos-x64": "0.20.2",
        "@esbuild/win32-arm64": "0.20.2",
        "@esbuild/win32-ia32": "0.20.2",
        "@esbuild/win32-x64": "0.20.2"
      }
    },
    "node_modules/fflate": {
      "version": "0.8.2",
      "resolved": "https://registry.npmjs.org/fflate/-/fflate-0.8.2.tgz",
      "integrity": "sha512-cPJU47OaAoCbg0pBvzsgpTPhmhqI5eJjh/JIu8tPj5q+T7iLvW/JAYUqmE7KOB4R1ZyEhzBaIQpQpardBF5z8A==",
      "dev": true
    },
    "node_modules/gs": {
      "resolved": "../pkg",
      "link": true
    },
    "node_modules/meshoptimizer": {
      "version": "0.18.1",
      "resolved": "https://registry.npmjs.org/meshoptimizer/-/meshoptimizer-0.18.1.tgz",
      "integrity": "sha512-ZhoIoL7TNV4s5B6+rx5mC//fw8/POGyNxS/DZyCJeiZ12ScLfVwRE/GfsxwiTkMYYD5DmK2/JXnEVXqL4rF+Sw==",
      "dev": true
    },
    "node_modules/nanoid": {
      "version": "3.3.7",
      "dev": true,
      "funding": [
        {
          "type": "github",
          "url": "https://github.com/sponsors/ai"
        }
      ],
      "license": "MIT",
      "bin": {
        "nanoid": "bin/nanoid.cjs"
      },
      "engines": {
        "node": "^10 || ^12 || ^13.7 || ^14 || >=15.0.1"
      }
    },
    "node_modules/picocolors": {
      "version": "1.0.1",
      "dev": true,
      "license": "ISC"
    },
    "node_modules/postcss": {
      "version": "8.4.38",
      "dev": true,
      "funding": [
        {
          "type": "opencollective",
          "url": "https://opencollective.com/postcss/"
        },
        {
          "type": "tidelift",
          "url": "https://tidelift.com/funding/github/npm/postcss"
        },
        {
          "type": "github",
          "url": "https://github.com/sponsors/ai"
        }
      ],
      "license": "MIT",
      "dependencies": {
        "nanoid": "^3.3.7",
        "picocolors": "^1.0.0",
        "source-map-js": "^1.2.0"
      },
      "engines": {
        "node": "^10 || ^12 || >=14"
      }
    },
    "node_modules/rollup": {
      "version": "4.17.2",
      "dev": true,
      "license": "MIT",
      "dependencies": {
        "@types/estree": "1.0.5"
      },
      "bin": {
        "rollup": "dist/bin/rollup"
      },
      "engines": {
        "node": ">=18.0.0",
        "npm": ">=8.0.0"
      },
      "optionalDependencies": {
        "@rollup/rollup-android-arm-eabi": "4.17.2",
        "@rollup/rollup-android-arm64": "4.17.2",
        "@rollup/rollup-darwin-arm64": "4.17.2",
        "@rollup/rollup-darwin-x64": "4.17.2",
        "@rollup/rollup-linux-arm-gnueabihf": "4.17.2",
        "@rollup/rollup-linux-arm-musleabihf": "4.17.2",
        "@rollup/rollup-linux-arm64-gnu": "4.17.2",
        "@rollup/rollup-linux-arm64-musl": "4.17.2",
        "@rollup/rollup-linux-powerpc64le-gnu": "4.17.2",
        "@rollup/rollup-linux-riscv64-gnu": "4.17.2",
        "@rollup/rollup-linux-s390x-gnu": "4.17.2",
        "@rollup/rollup-linux-x64-gnu": "4.17.2",
        "@rollup/rollup-linux-x64-musl": "4.17.2",
        "@rollup/rollup-win32-arm64-msvc": "4.17.2",
        "@rollup/rollup-win32-ia32-msvc": "4.17.2",
        "@rollup/rollup-win32-x64-msvc": "4.17.2",
        "fsevents": "~2.3.2"
      }
    },
    "node_modules/source-map-js": {
      "version": "1.2.0",
      "dev": true,
      "license": "BSD-3-Clause",
      "engines": {
        "node": ">=0.10.0"
      }
    },
    "node_modules/three": {
      "version": "0.165.0",
      "resolved": "https://registry.npmjs.org/three/-/three-0.165.0.tgz",
      "integrity": "sha512-cc96IlVYGydeceu0e5xq70H8/yoVT/tXBxV/W8A/U6uOq7DXc4/s1Mkmnu6SqoYGhSRWWYFOhVwvq6V0VtbplA=="
    },
    "node_modules/typescript": {
      "version": "5.4.5",
      "dev": true,
      "license": "Apache-2.0",
      "bin": {
        "tsc": "bin/tsc",
        "tsserver": "bin/tsserver"
      },
      "engines": {
        "node": ">=14.17"
      }
    },
    "node_modules/vite": {
      "version": "5.2.11",
      "dev": true,
      "license": "MIT",
      "dependencies": {
        "esbuild": "^0.20.1",
        "postcss": "^8.4.38",
        "rollup": "^4.13.0"
      },
      "bin": {
        "vite": "bin/vite.js"
      },
      "engines": {
        "node": "^18.0.0 || >=20.0.0"
      },
      "funding": {
        "url": "https://github.com/vitejs/vite?sponsor=1"
      },
      "optionalDependencies": {
        "fsevents": "~2.3.3"
      },
      "peerDependencies": {
        "@types/node": "^18.0.0 || >=20.0.0",
        "less": "*",
        "lightningcss": "^1.21.0",
        "sass": "*",
        "stylus": "*",
        "sugarss": "*",
        "terser": "^5.4.0"
      },
      "peerDependenciesMeta": {
        "@types/node": {
          "optional": true
        },
        "less": {
          "optional": true
        },
        "lightningcss": {
          "optional": true
        },
        "sass": {
          "optional": true
        },
        "stylus": {
          "optional": true
        },
        "sugarss": {
          "optional": true
        },
        "terser": {
          "optional": true
        }
      }
    },
    "node_modules/vite-plugin-wasm": {
      "version": "3.3.0",
      "resolved": "https://registry.npmjs.org/vite-plugin-wasm/-/vite-plugin-wasm-3.3.0.tgz",
      "integrity": "sha512-tVhz6w+W9MVsOCHzxo6SSMSswCeIw4HTrXEi6qL3IRzATl83jl09JVO1djBqPSwfjgnpVHNLYcaMbaDX5WB/pg==",
      "dev": true,
      "peerDependencies": {
        "vite": "^2 || ^3 || ^4 || ^5"
      }
    },
    "node_modules/webgpu-utils": {
      "version": "1.7.2",
      "resolved": "https://registry.npmjs.org/webgpu-utils/-/webgpu-utils-1.7.2.tgz",
      "integrity": "sha512-bJ+ZUL7hd8dwckmQyD8NVtzQuRs3muY18HbC2AZjSowx1F852aYX6Y0QA5DyvuSFx88rxpX0x42cFCXwAwJ+Dw=="
    },
    "node_modules/wgpu-matrix": {
      "version": "3.0.1",
      "resolved": "https://registry.npmjs.org/wgpu-matrix/-/wgpu-matrix-3.0.1.tgz",
      "integrity": "sha512-TnpsW61o2eUtDW/WU9/gzAAWyp2rbwlw9nBa6ieWjU1MVWUaPi4jt9igLR1dttyvWHRBQ5xeWiR+GGw5eoTKEQ=="
    }
  }
}
